
Microsoft Visual Studio Solution File, Format Version 12.00
# Visual Studio 14
VisualStudioVersion = 14.0.25420.1
MinimumVisualStudioVersion = 10.0.40219.1
Project("{FAE04EC0-301F-11D3-BF4B-00C04F79EFBC}") = "BasketPricesCalculator", "TotalPriceCalculator\BasketPricesCalculator.csproj", "{6152F680-3C91-484C-80DE-A1795094C005}"
EndProject
Project("{FAE04EC0-301F-11D3-BF4B-00C04F79EFBC}") = "BasketPricesCalculator.Tests", "BasketPricesCalculator.Tests\BasketPricesCalculator.Tests.csproj", "{D4402DB6-C771-423D-8CAF-4AB71E1B5458}"
EndProject
Global
	GlobalSection(SolutionConfigurationPlatforms) = preSolution
		Debug|Any CPU = Debug|Any CPU
		Release|Any CPU = Release|Any CPU
	EndGlobalSection
	GlobalSection(ProjectConfigurationPlatforms) = postSolution
		{6152F680-3C91-484C-80DE-A1795094C005}.Debug|Any CPU.ActiveCfg = Debug|Any CPU
		{6152F680-3C91-484C-80DE-A1795094C005}.Debug|Any CPU.Build.0 = Debug|Any CPU
		{6152F680-3C91-484C-80DE-A1795094C005}.Release|Any CPU.ActiveCfg = Release|Any CPU
		{6152F680-3C91-484C-80DE-A1795094C005}.Release|Any CPU.Build.0 = Release|Any CPU
		{D4402DB6-C771-423D-8CAF-4AB71E1B5458}.Debug|Any CPU.ActiveCfg = Debug|Any CPU
		{D4402DB6-C771-423D-8CAF-4AB71E1B5458}.Debug|Any CPU.Build.0 = Debug|Any CPU
		{D4402DB6-C771-423D-8CAF-4AB71E1B5458}.Release|Any CPU.ActiveCfg = Release|Any CPU
		{D4402DB6-C771-423D-8CAF-4AB71E1B5458}.Release|Any CPU.Build.0 = Release|Any CPU
	EndGlobalSection
	GlobalSection(SolutionProperties) = preSolution
		HideSolutionNode = FALSE
	EndGlobalSection
EndGlobal
